// !$*UTF8*$!
{
	archiveVersion = 1;
	classes = {
	};
	objectVersion = 56;
	objects = {

/* Begin PBXBuildFile section */
		8B4AFAFB2A24E2560029DD64 /* CardAnimationApp.swift in Sources */ = {isa = PBXBuildFile; fileRef = 8B4AFAFA2A24E2560029DD64 /* CardAnimationApp.swift */; };
		8B4AFAFD2A24E2560029DD64 /* FlipCard.swift in Sources */ = {isa = PBXBuildFile; fileRef = 8B4AFAFC2A24E2560029DD64 /* FlipCard.swift */; };
		8B4AFAFF2A24E2570029DD64 /* Assets.xcassets in Resources */ = {isa = PBXBuildFile; fileRef = 8B4AFAFE2A24E2570029DD64 /* Assets.xcassets */; };
		8B4AFB022A24E2570029DD64 /* Preview Assets.xcassets in Resources */ = {isa = PBXBuildFile; fileRef = 8B4AFB012A24E2570029DD64 /* Preview Assets.xcassets */; };
		8B4AFB092A24E27D0029DD64 /* CardData.swift in Sources */ = {isa = PBXBuildFile; fileRef = 8B4AFB082A24E27D0029DD64 /* CardData.swift */; };
		8B4AFB0B2A24E3C00029DD64 /* FrontView.swift in Sources */ = {isa = PBXBuildFile; fileRef = 8B4AFB0A2A24E3C00029DD64 /* FrontView.swift */; };
		8B4AFB0D2A24E3CF0029DD64 /* BackView.swift in Sources */ = {isa = PBXBuildFile; fileRef = 8B4AFB0C2A24E3CF0029DD64 /* BackView.swift */; };
		8B4AFB102A24ED2F0029DD64 /* InputView.swift in Sources */ = {isa = PBXBuildFile; fileRef = 8B4AFB0F2A24ED2F0029DD64 /* InputView.swift */; };
		8B4AFB122A24ED5C0029DD64 /* Item.swift in Sources */ = {isa = PBXBuildFile; fileRef = 8B4AFB112A24ED5C0029DD64 /* Item.swift */; };
		8B4AFB142A24EDA00029DD64 /* ItemListView.swift in Sources */ = {isa = PBXBuildFile; fileRef = 8B4AFB132A24EDA00029DD64 /* ItemListView.swift */; };
		8B4AFB162A24EDB00029DD64 /* ItemData.swift in Sources */ = {isa = PBXBuildFile; fileRef = 8B4AFB152A24EDB00029DD64 /* ItemData.swift */; };
		8B4AFB182A24F0DC0029DD64 /* ListRow.swift in Sources */ = {isa = PBXBuildFile; fileRef = 8B4AFB172A24F0DC0029DD64 /* ListRow.swift */; };
		8B4AFB1A2A24FF8F0029DD64 /* PlusButton.swift in Sources */ = {isa = PBXBuildFile; fileRef = 8B4AFB192A24FF8F0029DD64 /* PlusButton.swift */; };
		8B67278B2A2597D6000D658D /* CostCategorys.swift in Sources */ = {isa = PBXBuildFile; fileRef = 8B67278A2A2597D6000D658D /* CostCategorys.swift */; };
		8B67278E2A25A1B1000D658D /* InputError.swift in Sources */ = {isa = PBXBuildFile; fileRef = 8B67278D2A25A1B1000D658D /* InputError.swift */; };
		8B6727912A25A55F000D658D /* TabItemView.swift in Sources */ = {isa = PBXBuildFile; fileRef = 8B6727902A25A55F000D658D /* TabItemView.swift */; };
		8B9DA1262A26338900BF29D2 /* HomeView.swift in Sources */ = {isa = PBXBuildFile; fileRef = 8B9DA1252A26338900BF29D2 /* HomeView.swift */; };
		8B9DA12C2A263D6000BF29D2 /* CategoryCard.swift in Sources */ = {isa = PBXBuildFile; fileRef = 8B9DA12B2A263D6000BF29D2 /* CategoryCard.swift */; };
		8B9DA12E2A264C4600BF29D2 /* CategoryCardData.swift in Sources */ = {isa = PBXBuildFile; fileRef = 8B9DA12D2A264C4600BF29D2 /* CategoryCardData.swift */; };
		8BD13E772A2709DF00978B1A /* CostCategory.swift in Sources */ = {isa = PBXBuildFile; fileRef = 8BD13E762A2709DF00978B1A /* CostCategory.swift */; };
		8BD13E7A2A2719CA00978B1A /* SettingView.swift in Sources */ = {isa = PBXBuildFile; fileRef = 8BD13E792A2719CA00978B1A /* SettingView.swift */; };
/* End PBXBuildFile section */

/* Begin PBXFileReference section */
		8B4AFAF72A24E2560029DD64 /* CardAnimation.app */ = {isa = PBXFileReference; explicitFileType = wrapper.application; includeInIndex = 0; path = CardAnimation.app; sourceTree = BUILT_PRODUCTS_DIR; };
		8B4AFAFA2A24E2560029DD64 /* CardAnimationApp.swift */ = {isa = PBXFileReference; lastKnownFileType = sourcecode.swift; path = CardAnimationApp.swift; sourceTree = "<group>"; };
		8B4AFAFC2A24E2560029DD64 /* FlipCard.swift */ = {isa = PBXFileReference; lastKnownFileType = sourcecode.swift; path = FlipCard.swift; sourceTree = "<group>"; };
		8B4AFAFE2A24E2570029DD64 /* Assets.xcassets */ = {isa = PBXFileReference; lastKnownFileType = folder.assetcatalog; path = Assets.xcassets; sourceTree = "<group>"; };
		8B4AFB012A24E2570029DD64 /* Preview Assets.xcassets */ = {isa = PBXFileReference; lastKnownFileType = folder.assetcatalog; path = "Preview Assets.xcassets"; sourceTree = "<group>"; };
		8B4AFB082A24E27D0029DD64 /* CardData.swift */ = {isa = PBXFileReference; lastKnownFileType = sourcecode.swift; path = CardData.swift; sourceTree = "<group>"; };
		8B4AFB0A2A24E3C00029DD64 /* FrontView.swift */ = {isa = PBXFileReference; lastKnownFileType = sourcecode.swift; path = FrontView.swift; sourceTree = "<group>"; };
		8B4AFB0C2A24E3CF0029DD64 /* BackView.swift */ = {isa = PBXFileReference; lastKnownFileType = sourcecode.swift; path = BackView.swift; sourceTree = "<group>"; };
		8B4AFB0F2A24ED2F0029DD64 /* InputView.swift */ = {isa = PBXFileReference; lastKnownFileType = sourcecode.swift; path = InputView.swift; sourceTree = "<group>"; };
		8B4AFB112A24ED5C0029DD64 /* Item.swift */ = {isa = PBXFileReference; lastKnownFileType = sourcecode.swift; path = Item.swift; sourceTree = "<group>"; };
		8B4AFB132A24EDA00029DD64 /* ItemListView.swift */ = {isa = PBXFileReference; lastKnownFileType = sourcecode.swift; path = ItemListView.swift; sourceTree = "<group>"; };
		8B4AFB152A24EDB00029DD64 /* ItemData.swift */ = {isa = PBXFileReference; lastKnownFileType = sourcecode.swift; path = ItemData.swift; sourceTree = "<group>"; };
		8B4AFB172A24F0DC0029DD64 /* ListRow.swift */ = {isa = PBXFileReference; lastKnownFileType = sourcecode.swift; path = ListRow.swift; sourceTree = "<group>"; };
		8B4AFB192A24FF8F0029DD64 /* PlusButton.swift */ = {isa = PBXFileReference; lastKnownFileType = sourcecode.swift; path = PlusButton.swift; sourceTree = "<group>"; };
		8B67278A2A2597D6000D658D /* CostCategorys.swift */ = {isa = PBXFileReference; lastKnownFileType = sourcecode.swift; path = CostCategorys.swift; sourceTree = "<group>"; };
		8B67278D2A25A1B1000D658D /* InputError.swift */ = {isa = PBXFileReference; lastKnownFileType = sourcecode.swift; path = InputError.swift; sourceTree = "<group>"; };
		8B6727902A25A55F000D658D /* TabItemView.swift */ = {isa = PBXFileReference; lastKnownFileType = sourcecode.swift; path = TabItemView.swift; sourceTree = "<group>"; };
		8B9DA1252A26338900BF29D2 /* HomeView.swift */ = {isa = PBXFileReference; lastKnownFileType = sourcecode.swift; path = HomeView.swift; sourceTree = "<group>"; };
		8B9DA12B2A263D6000BF29D2 /* CategoryCard.swift */ = {isa = PBXFileReference; lastKnownFileType = sourcecode.swift; path = CategoryCard.swift; sourceTree = "<group>"; };
		8B9DA12D2A264C4600BF29D2 /* CategoryCardData.swift */ = {isa = PBXFileReference; lastKnownFileType = sourcecode.swift; path = CategoryCardData.swift; sourceTree = "<group>"; };
		8BD13E762A2709DF00978B1A /* CostCategory.swift */ = {isa = PBXFileReference; lastKnownFileType = sourcecode.swift; path = CostCategory.swift; sourceTree = "<group>"; };
		8BD13E792A2719CA00978B1A /* SettingView.swift */ = {isa = PBXFileReference; lastKnownFileType = sourcecode.swift; path = SettingView.swift; sourceTree = "<group>"; };
/* End PBXFileReference section */

/* Begin PBXFrameworksBuildPhase section */
		8B4AFAF42A24E2560029DD64 /* Frameworks */ = {
			isa = PBXFrameworksBuildPhase;
			buildActionMask = 2147483647;
			files = (
			);
			runOnlyForDeploymentPostprocessing = 0;
		};
/* End PBXFrameworksBuildPhase section */

/* Begin PBXGroup section */
		8B4AFAEE2A24E2560029DD64 = {
			isa = PBXGroup;
			children = (
				8B4AFAF92A24E2560029DD64 /* CardAnimation */,
				8B4AFAF82A24E2560029DD64 /* Products */,
			);
			sourceTree = "<group>";
		};
		8B4AFAF82A24E2560029DD64 /* Products */ = {
			isa = PBXGroup;
			children = (
				8B4AFAF72A24E2560029DD64 /* CardAnimation.app */,
			);
			name = Products;
			sourceTree = "<group>";
		};
		8B4AFAF92A24E2560029DD64 /* CardAnimation */ = {
			isa = PBXGroup;
			children = (
				8B4AFAFA2A24E2560029DD64 /* CardAnimationApp.swift */,
				8B67278C2A25A1A2000D658D /* Error */,
				8B67278F2A25A543000D658D /* Views */,
				8B6727892A258E93000D658D /* Models */,
				8B6727882A258E74000D658D /* ViewModels */,
				8B4AFB002A24E2570029DD64 /* Preview Content */,
			);
			path = CardAnimation;
			sourceTree = "<group>";
		};
		8B4AFB002A24E2570029DD64 /* Preview Content */ = {
			isa = PBXGroup;
			children = (
				8B4AFAFE2A24E2570029DD64 /* Assets.xcassets */,
				8B4AFB012A24E2570029DD64 /* Preview Assets.xcassets */,
			);
			path = "Preview Content";
			sourceTree = "<group>";
		};
		8B4AFB0E2A24E9FB0029DD64 /* CardView */ = {
			isa = PBXGroup;
			children = (
				8B4AFAFC2A24E2560029DD64 /* FlipCard.swift */,
				8B4AFB0A2A24E3C00029DD64 /* FrontView.swift */,
				8B4AFB0C2A24E3CF0029DD64 /* BackView.swift */,
			);
			path = CardView;
			sourceTree = "<group>";
		};
		8B4AFB1B2A2500BE0029DD64 /* UsedListView */ = {
			isa = PBXGroup;
			children = (
				8B4AFB132A24EDA00029DD64 /* ItemListView.swift */,
				8B4AFB0F2A24ED2F0029DD64 /* InputView.swift */,
				8B4AFB172A24F0DC0029DD64 /* ListRow.swift */,
				8B4AFB192A24FF8F0029DD64 /* PlusButton.swift */,
			);
			path = UsedListView;
			sourceTree = "<group>";
		};
		8B6727882A258E74000D658D /* ViewModels */ = {
			isa = PBXGroup;
			children = (
				8B4AFB082A24E27D0029DD64 /* CardData.swift */,
				8B4AFB152A24EDB00029DD64 /* ItemData.swift */,
				8B9DA12D2A264C4600BF29D2 /* CategoryCardData.swift */,
			);
			path = ViewModels;
			sourceTree = "<group>";
		};
		8B6727892A258E93000D658D /* Models */ = {
			isa = PBXGroup;
			children = (
				8B4AFB112A24ED5C0029DD64 /* Item.swift */,
				8B67278A2A2597D6000D658D /* CostCategorys.swift */,
				8BD13E762A2709DF00978B1A /* CostCategory.swift */,
			);
			path = Models;
			sourceTree = "<group>";
		};
		8B67278C2A25A1A2000D658D /* Error */ = {
			isa = PBXGroup;
			children = (
				8B67278D2A25A1B1000D658D /* InputError.swift */,
			);
			path = Error;
			sourceTree = "<group>";
		};
		8B67278F2A25A543000D658D /* Views */ = {
			isa = PBXGroup;
			children = (
				8B6727902A25A55F000D658D /* TabItemView.swift */,
				8B9DA1272A26339300BF29D2 /* HomeView */,
				8B4AFB1B2A2500BE0029DD64 /* UsedListView */,
				8BD13E782A27199F00978B1A /* Setting */,
			);
			path = Views;
			sourceTree = "<group>";
		};
		8B9DA1272A26339300BF29D2 /* HomeView */ = {
			isa = PBXGroup;
			children = (
				8B9DA1252A26338900BF29D2 /* HomeView.swift */,
				8B9DA12A2A263CE000BF29D2 /* CategoryCard */,
				8B4AFB0E2A24E9FB0029DD64 /* CardView */,
			);
			path = HomeView;
			sourceTree = "<group>";
		};
		8B9DA12A2A263CE000BF29D2 /* CategoryCard */ = {
			isa = PBXGroup;
			children = (
				8B9DA12B2A263D6000BF29D2 /* CategoryCard.swift */,
			);
			path = CategoryCard;
			sourceTree = "<group>";
		};
		8BD13E782A27199F00978B1A /* Setting */ = {
			isa = PBXGroup;
			children = (
				8BD13E792A2719CA00978B1A /* SettingView.swift */,
			);
			path = Setting;
			sourceTree = "<group>";
		};
/* End PBXGroup section */

/* Begin PBXNativeTarget section */
		8B4AFAF62A24E2560029DD64 /* CardAnimation */ = {
			isa = PBXNativeTarget;
			buildConfigurationList = 8B4AFB052A24E2570029DD64 /* Build configuration list for PBXNativeTarget "CardAnimation" */;
			buildPhases = (
				8B4AFAF32A24E2560029DD64 /* Sources */,
				8B4AFAF42A24E2560029DD64 /* Frameworks */,
				8B4AFAF52A24E2560029DD64 /* Resources */,
			);
			buildRules = (
			);
			dependencies = (
			);
			name = CardAnimation;
			productName = CardAnimation;
			productReference = 8B4AFAF72A24E2560029DD64 /* CardAnimation.app */;
			productType = "com.apple.product-type.application";
		};
/* End PBXNativeTarget section */

/* Begin PBXProject section */
		8B4AFAEF2A24E2560029DD64 /* Project object */ = {
			isa = PBXProject;
			attributes = {
				BuildIndependentTargetsInParallel = 1;
				LastSwiftUpdateCheck = 1430;
				LastUpgradeCheck = 1430;
				TargetAttributes = {
					8B4AFAF62A24E2560029DD64 = {
						CreatedOnToolsVersion = 14.3;
					};
				};
			};
			buildConfigurationList = 8B4AFAF22A24E2560029DD64 /* Build configuration list for PBXProject "CardAnimation" */;
			compatibilityVersion = "Xcode 14.0";
			developmentRegion = en;
			hasScannedForEncodings = 0;
			knownRegions = (
				en,
				Base,
			);
			mainGroup = 8B4AFAEE2A24E2560029DD64;
			productRefGroup = 8B4AFAF82A24E2560029DD64 /* Products */;
			projectDirPath = "";
			projectRoot = "";
			targets = (
				8B4AFAF62A24E2560029DD64 /* CardAnimation */,
			);
		};
/* End PBXProject section */

/* Begin PBXResourcesBuildPhase section */
		8B4AFAF52A24E2560029DD64 /* Resources */ = {
			isa = PBXResourcesBuildPhase;
			buildActionMask = 2147483647;
			files = (
				8B4AFB022A24E2570029DD64 /* Preview Assets.xcassets in Resources */,
				8B4AFAFF2A24E2570029DD64 /* Assets.xcassets in Resources */,
			);
			runOnlyForDeploymentPostprocessing = 0;
		};
/* End PBXResourcesBuildPhase section */

/* Begin PBXSourcesBuildPhase section */
		8B4AFAF32A24E2560029DD64 /* Sources */ = {
			isa = PBXSourcesBuildPhase;
			buildActionMask = 2147483647;
			files = (
				8B4AFB1A2A24FF8F0029DD64 /* PlusButton.swift in Sources */,
				8B4AFB162A24EDB00029DD64 /* ItemData.swift in Sources */,
				8B4AFAFD2A24E2560029DD64 /* FlipCard.swift in Sources */,
				8B9DA1262A26338900BF29D2 /* HomeView.swift in Sources */,
				8B4AFB092A24E27D0029DD64 /* CardData.swift in Sources */,
				8B9DA12C2A263D6000BF29D2 /* CategoryCard.swift in Sources */,
				8BD13E772A2709DF00978B1A /* CostCategory.swift in Sources */,
				8B6727912A25A55F000D658D /* TabItemView.swift in Sources */,
				8B67278B2A2597D6000D658D /* CostCategorys.swift in Sources */,
				8B4AFB0D2A24E3CF0029DD64 /* BackView.swift in Sources */,
				8BD13E7A2A2719CA00978B1A /* SettingView.swift in Sources */,
				8B4AFB182A24F0DC0029DD64 /* ListRow.swift in Sources */,
				8B4AFB142A24EDA00029DD64 /* ItemListView.swift in Sources */,
				8B4AFB102A24ED2F0029DD64 /* InputView.swift in Sources */,
				8B4AFB122A24ED5C0029DD64 /* Item.swift in Sources */,
				8B67278E2A25A1B1000D658D /* InputError.swift in Sources */,
				8B9DA12E2A264C4600BF29D2 /* CategoryCardData.swift in Sources */,
				8B4AFB0B2A24E3C00029DD64 /* FrontView.swift in Sources */,
				8B4AFAFB2A24E2560029DD64 /* CardAnimationApp.swift in Sources */,
			);
			runOnlyForDeploymentPostprocessing = 0;
		};
/* End PBXSourcesBuildPhase section */

/* Begin XCBuildConfiguration section */
		8B4AFB032A24E2570029DD64 /* Debug */ = {
			isa = XCBuildConfiguration;
			buildSettings = {
				ALWAYS_SEARCH_USER_PATHS = NO;
				CLANG_ANALYZER_NONNULL = YES;
				CLANG_ANALYZER_NUMBER_OBJECT_CONVERSION = YES_AGGRESSIVE;
				CLANG_CXX_LANGUAGE_STANDARD = "gnu++20";
				CLANG_ENABLE_MODULES = YES;
				CLANG_ENABLE_OBJC_ARC = YES;
				CLANG_ENABLE_OBJC_WEAK = YES;
				CLANG_WARN_BLOCK_CAPTURE_AUTORELEASING = YES;
				CLANG_WARN_BOOL_CONVERSION = YES;
				CLANG_WARN_COMMA = YES;
				CLANG_WARN_CONSTANT_CONVERSION = YES;
				CLANG_WARN_DEPRECATED_OBJC_IMPLEMENTATIONS = YES;
				CLANG_WARN_DIRECT_OBJC_ISA_USAGE = YES_ERROR;
				CLANG_WARN_DOCUMENTATION_COMMENTS = YES;
				CLANG_WARN_EMPTY_BODY = YES;
				CLANG_WARN_ENUM_CONVERSION = YES;
				CLANG_WARN_INFINITE_RECURSION = YES;
				CLANG_WARN_INT_CONVERSION = YES;
				CLANG_WARN_NON_LITERAL_NULL_CONVERSION = YES;
				CLANG_WARN_OBJC_IMPLICIT_RETAIN_SELF = YES;
				CLANG_WARN_OBJC_LITERAL_CONVERSION = YES;
				CLANG_WARN_OBJC_ROOT_CLASS = YES_ERROR;
				CLANG_WARN_QUOTED_INCLUDE_IN_FRAMEWORK_HEADER = YES;
				CLANG_WARN_RANGE_LOOP_ANALYSIS = YES;
				CLANG_WARN_STRICT_PROTOTYPES = YES;
				CLANG_WARN_SUSPICIOUS_MOVE = YES;
				CLANG_WARN_UNGUARDED_AVAILABILITY = YES_AGGRESSIVE;
				CLANG_WARN_UNREACHABLE_CODE = YES;
				CLANG_WARN__DUPLICATE_METHOD_MATCH = YES;
				COPY_PHASE_STRIP = NO;
				DEBUG_INFORMATION_FORMAT = dwarf;
				ENABLE_STRICT_OBJC_MSGSEND = YES;
				ENABLE_TESTABILITY = YES;
				GCC_C_LANGUAGE_STANDARD = gnu11;
				GCC_DYNAMIC_NO_PIC = NO;
				GCC_NO_COMMON_BLOCKS = YES;
				GCC_OPTIMIZATION_LEVEL = 0;
				GCC_PREPROCESSOR_DEFINITIONS = (
					"DEBUG=1",
					"$(inherited)",
				);
				GCC_WARN_64_TO_32_BIT_CONVERSION = YES;
				GCC_WARN_ABOUT_RETURN_TYPE = YES_ERROR;
				GCC_WARN_UNDECLARED_SELECTOR = YES;
				GCC_WARN_UNINITIALIZED_AUTOS = YES_AGGRESSIVE;
				GCC_WARN_UNUSED_FUNCTION = YES;
				GCC_WARN_UNUSED_VARIABLE = YES;
				IPHONEOS_DEPLOYMENT_TARGET = 16.4;
				MTL_ENABLE_DEBUG_INFO = INCLUDE_SOURCE;
				MTL_FAST_MATH = YES;
				ONLY_ACTIVE_ARCH = YES;
				SDKROOT = iphoneos;
				SWIFT_ACTIVE_COMPILATION_CONDITIONS = DEBUG;
				SWIFT_OPTIMIZATION_LEVEL = "-Onone";
			};
			name = Debug;
		};
		8B4AFB042A24E2570029DD64 /* Release */ = {
			isa = XCBuildConfiguration;
			buildSettings = {
				ALWAYS_SEARCH_USER_PATHS = NO;
				CLANG_ANALYZER_NONNULL = YES;
				CLANG_ANALYZER_NUMBER_OBJECT_CONVERSION = YES_AGGRESSIVE;
				CLANG_CXX_LANGUAGE_STANDARD = "gnu++20";
				CLANG_ENABLE_MODULES = YES;
				CLANG_ENABLE_OBJC_ARC = YES;
				CLANG_ENABLE_OBJC_WEAK = YES;
				CLANG_WARN_BLOCK_CAPTURE_AUTORELEASING = YES;
				CLANG_WARN_BOOL_CONVERSION = YES;
				CLANG_WARN_COMMA = YES;
				CLANG_WARN_CONSTANT_CONVERSION = YES;
				CLANG_WARN_DEPRECATED_OBJC_IMPLEMENTATIONS = YES;
				CLANG_WARN_DIRECT_OBJC_ISA_USAGE = YES_ERROR;
				CLANG_WARN_DOCUMENTATION_COMMENTS = YES;
				CLANG_WARN_EMPTY_BODY = YES;
				CLANG_WARN_ENUM_CONVERSION = YES;
				CLANG_WARN_INFINITE_RECURSION = YES;
				CLANG_WARN_INT_CONVERSION = YES;
				CLANG_WARN_NON_LITERAL_NULL_CONVERSION = YES;
				CLANG_WARN_OBJC_IMPLICIT_RETAIN_SELF = YES;
				CLANG_WARN_OBJC_LITERAL_CONVERSION = YES;
				CLANG_WARN_OBJC_ROOT_CLASS = YES_ERROR;
				CLANG_WARN_QUOTED_INCLUDE_IN_FRAMEWORK_HEADER = YES;
				CLANG_WARN_RANGE_LOOP_ANALYSIS = YES;
				CLANG_WARN_STRICT_PROTOTYPES = YES;
				CLANG_WARN_SUSPICIOUS_MOVE = YES;
				CLANG_WARN_UNGUARDED_AVAILABILITY = YES_AGGRESSIVE;
				CLANG_WARN_UNREACHABLE_CODE = YES;
				CLANG_WARN__DUPLICATE_METHOD_MATCH = YES;
				COPY_PHASE_STRIP = NO;
				DEBUG_INFORMATION_FORMAT = "dwarf-with-dsym";
				ENABLE_NS_ASSERTIONS = NO;
				ENABLE_STRICT_OBJC_MSGSEND = YES;
				GCC_C_LANGUAGE_STANDARD = gnu11;
				GCC_NO_COMMON_BLOCKS = YES;
				GCC_WARN_64_TO_32_BIT_CONVERSION = YES;
				GCC_WARN_ABOUT_RETURN_TYPE = YES_ERROR;
				GCC_WARN_UNDECLARED_SELECTOR = YES;
				GCC_WARN_UNINITIALIZED_AUTOS = YES_AGGRESSIVE;
				GCC_WARN_UNUSED_FUNCTION = YES;
				GCC_WARN_UNUSED_VARIABLE = YES;
				IPHONEOS_DEPLOYMENT_TARGET = 16.4;
				MTL_ENABLE_DEBUG_INFO = NO;
				MTL_FAST_MATH = YES;
				SDKROOT = iphoneos;
				SWIFT_COMPILATION_MODE = wholemodule;
				SWIFT_OPTIMIZATION_LEVEL = "-O";
				VALIDATE_PRODUCT = YES;
			};
			name = Release;
		};
		8B4AFB062A24E2570029DD64 /* Debug */ = {
			isa = XCBuildConfiguration;
			buildSettings = {
				ASSETCATALOG_COMPILER_APPICON_NAME = AppIcon;
				ASSETCATALOG_COMPILER_GLOBAL_ACCENT_COLOR_NAME = AccentColor;
				CODE_SIGN_STYLE = Automatic;
				CURRENT_PROJECT_VERSION = 1;
				DEVELOPMENT_ASSET_PATHS = "\"CardAnimation/Preview Content\"";
				DEVELOPMENT_TEAM = 7PSW8M3W4F;
				ENABLE_PREVIEWS = YES;
				GENERATE_INFOPLIST_FILE = YES;
				INFOPLIST_KEY_UIApplicationSceneManifest_Generation = YES;
				INFOPLIST_KEY_UIApplicationSupportsIndirectInputEvents = YES;
				INFOPLIST_KEY_UILaunchScreen_Generation = YES;
				INFOPLIST_KEY_UISupportedInterfaceOrientations_iPad = "UIInterfaceOrientationPortrait UIInterfaceOrientationPortraitUpsideDown UIInterfaceOrientationLandscapeLeft UIInterfaceOrientationLandscapeRight";
				INFOPLIST_KEY_UISupportedInterfaceOrientations_iPhone = "UIInterfaceOrientationPortrait UIInterfaceOrientationLandscapeLeft UIInterfaceOrientationLandscapeRight";
				LD_RUNPATH_SEARCH_PATHS = (
					"$(inherited)",
					"@executable_path/Frameworks",
				);
				MARKETING_VERSION = 1.0;
				PRODUCT_BUNDLE_IDENTIFIER = com.watanabe.CardAnimation;
				PRODUCT_NAME = "$(TARGET_NAME)";
				SWIFT_EMIT_LOC_STRINGS = YES;
				SWIFT_VERSION = 5.0;
				TARGETED_DEVICE_FAMILY = "1,2";
			};
			name = Debug;
		};
		8B4AFB072A24E2570029DD64 /* Release */ = {
			isa = XCBuildConfiguration;
			buildSettings = {
				ASSETCATALOG_COMPILER_APPICON_NAME = AppIcon;
				ASSETCATALOG_COMPILER_GLOBAL_ACCENT_COLOR_NAME = AccentColor;
				CODE_SIGN_STYLE = Automatic;
				CURRENT_PROJECT_VERSION = 1;
				DEVELOPMENT_ASSET_PATHS = "\"CardAnimation/Preview Content\"";
				DEVELOPMENT_TEAM = 7PSW8M3W4F;
				ENABLE_PREVIEWS = YES;
				GENERATE_INFOPLIST_FILE = YES;
				INFOPLIST_KEY_UIApplicationSceneManifest_Generation = YES;
				INFOPLIST_KEY_UIApplicationSupportsIndirectInputEvents = YES;
				INFOPLIST_KEY_UILaunchScreen_Generation = YES;
				INFOPLIST_KEY_UISupportedInterfaceOrientations_iPad = "UIInterfaceOrientationPortrait UIInterfaceOrientationPortraitUpsideDown UIInterfaceOrientationLandscapeLeft UIInterfaceOrientationLandscapeRight";
				INFOPLIST_KEY_UISupportedInterfaceOrientations_iPhone = "UIInterfaceOrientationPortrait UIInterfaceOrientationLandscapeLeft UIInterfaceOrientationLandscapeRight";
				LD_RUNPATH_SEARCH_PATHS = (
					"$(inherited)",
					"@executable_path/Frameworks",
				);
				MARKETING_VERSION = 1.0;
				PRODUCT_BUNDLE_IDENTIFIER = com.watanabe.CardAnimation;
				PRODUCT_NAME = "$(TARGET_NAME)";
				SWIFT_EMIT_LOC_STRINGS = YES;
				SWIFT_VERSION = 5.0;
				TARGETED_DEVICE_FAMILY = "1,2";
			};
			name = Release;
		};
/* End XCBuildConfiguration section */

/* Begin XCConfigurationList section */
		8B4AFAF22A24E2560029DD64 /* Build configuration list for PBXProject "CardAnimation" */ = {
			isa = XCConfigurationList;
			buildConfigurations = (
				8B4AFB032A24E2570029DD64 /* Debug */,
				8B4AFB042A24E2570029DD64 /* Release */,
			);
			defaultConfigurationIsVisible = 0;
			defaultConfigurationName = Release;
		};
		8B4AFB052A24E2570029DD64 /* Build configuration list for PBXNativeTarget "CardAnimation" */ = {
			isa = XCConfigurationList;
			buildConfigurations = (
				8B4AFB062A24E2570029DD64 /* Debug */,
				8B4AFB072A24E2570029DD64 /* Release */,
			);
			defaultConfigurationIsVisible = 0;
			defaultConfigurationName = Release;
		};
/* End XCConfigurationList section */
	};
	rootObject = 8B4AFAEF2A24E2560029DD64 /* Project object */;
}
